
Microsoft Visual Studio Solution File, Format Version 12.00
# Visual Studio Version 17
VisualStudioVersion = 17.0.31903.59
MinimumVisualStudioVersion = 10.0.40219.1
Project("{9A19103F-16F7-4668-BE54-9A1E7A4F7556}") = "finance.manager.api", "finance.manager.api\finance.manager.api.csproj", "{A085EA53-B0AD-40C4-B3D9-901EF9F79F86}"
EndProject
Project("{FAE04EC0-301F-11D3-BF4B-00C04F79EFBC}") = "finance.manager.api.tests", "finance.manager.api.tests\finance.manager.api.tests.csproj", "{D412FC4B-0830-4F21-AD13-5FD83767C954}"
EndProject
Global
	GlobalSection(SolutionConfigurationPlatforms) = preSolution
		Debug|Any CPU = Debug|Any CPU
		Release|Any CPU = Release|Any CPU
	EndGlobalSection
	GlobalSection(ProjectConfigurationPlatforms) = postSolution
		{A085EA53-B0AD-40C4-B3D9-901EF9F79F86}.Debug|Any CPU.ActiveCfg = Debug|Any CPU
		{A085EA53-B0AD-40C4-B3D9-901EF9F79F86}.Debug|Any CPU.Build.0 = Debug|Any CPU
		{A085EA53-B0AD-40C4-B3D9-901EF9F79F86}.Release|Any CPU.ActiveCfg = Release|Any CPU
		{A085EA53-B0AD-40C4-B3D9-901EF9F79F86}.Release|Any CPU.Build.0 = Release|Any CPU
		{D412FC4B-0830-4F21-AD13-5FD83767C954}.Debug|Any CPU.ActiveCfg = Debug|Any CPU
		{D412FC4B-0830-4F21-AD13-5FD83767C954}.Debug|Any CPU.Build.0 = Debug|Any CPU
		{D412FC4B-0830-4F21-AD13-5FD83767C954}.Release|Any CPU.ActiveCfg = Release|Any CPU
		{D412FC4B-0830-4F21-AD13-5FD83767C954}.Release|Any CPU.Build.0 = Release|Any CPU
	EndGlobalSection
	GlobalSection(SolutionProperties) = preSolution
		HideSolutionNode = FALSE
	EndGlobalSection
	GlobalSection(ExtensibilityGlobals) = postSolution
		SolutionGuid = {5E234157-55A9-4E0F-92D5-42DCAB5EB6B7}
	EndGlobalSection
EndGlobal
